{
  "version": 4,
  "terraform_version": "1.8.2",
  "serial": 390,
  "lineage": "929153af-f9f1-311e-59b3-6428cf0a2039",
  "outputs": {
    "backend_ip": {
      "value": "10.72.102.171",
      "type": "string"
    },
    "frontend_ip": {
      "value": "10.72.102.244",
      "type": "string"
    },
    "server1": {
      "value": "frontend Server : ssh -i cloud.key rocky@10.72.102.244",
      "type": "string"
    },
    "server2": {
      "value": "backend Server : ssh -i cloud.key rocky@10.72.102.171",
      "type": "string"
    }
  },
  "resources": [
    {
      "mode": "managed",
      "type": "openstack_compute_floatingip_associate_v2",
      "name": "floating_ip_1",
      "provider": "provider[\"registry.terraform.io/terraform-provider-openstack/openstack\"]",
      "instances": [
        {
          "schema_version": 0,
          "attributes": {
            "fixed_ip": "",
            "floating_ip": "10.72.102.244",
            "id": "10.72.102.244/4b3e464c-1579-4bbe-b237-490a55f89a97/",
            "instance_id": "4b3e464c-1579-4bbe-b237-490a55f89a97",
            "region": "RegionOne",
            "timeouts": null,
            "wait_until_associated": null
          },
          "sensitive_attributes": [],
          "private": "eyJlMmJmYjczMC1lY2FhLTExZTYtOGY4OC0zNDM2M2JjN2M0YzAiOnsiY3JlYXRlIjo2MDAwMDAwMDAwMDB9fQ==",
          "dependencies": [
            "openstack_compute_instance_v2.instance_1",
            "openstack_compute_secgroup_v2.security_group",
            "openstack_networking_floatingip_v2.floating_ip_1"
          ]
        }
      ]
    },
    {
      "mode": "managed",
      "type": "openstack_compute_floatingip_associate_v2",
      "name": "floating_ip_2",
      "provider": "provider[\"registry.terraform.io/terraform-provider-openstack/openstack\"]",
      "instances": [
        {
          "schema_version": 0,
          "attributes": {
            "fixed_ip": "",
            "floating_ip": "10.72.102.171",
            "id": "10.72.102.171/3bcfa6fb-2dd9-4655-a59f-949683a24e60/",
            "instance_id": "3bcfa6fb-2dd9-4655-a59f-949683a24e60",
            "region": "RegionOne",
            "timeouts": null,
            "wait_until_associated": null
          },
          "sensitive_attributes": [],
          "private": "eyJlMmJmYjczMC1lY2FhLTExZTYtOGY4OC0zNDM2M2JjN2M0YzAiOnsiY3JlYXRlIjo2MDAwMDAwMDAwMDB9fQ==",
          "dependencies": [
            "openstack_compute_instance_v2.instance_2",
            "openstack_compute_secgroup_v2.security_group",
            "openstack_networking_floatingip_v2.floating_ip_2"
          ]
        }
      ]
    },
    {
      "mode": "managed",
      "type": "openstack_compute_instance_v2",
      "name": "instance_1",
      "provider": "provider[\"registry.terraform.io/terraform-provider-openstack/openstack\"]",
      "instances": [
        {
          "schema_version": 0,
          "attributes": {
            "access_ip_v4": "192.168.199.248",
            "access_ip_v6": "",
            "admin_pass": null,
            "all_metadata": {},
            "all_tags": [],
            "availability_zone": "nova",
            "availability_zone_hints": null,
            "block_device": [],
            "config_drive": null,
            "created": "2025-03-28 23:47:52 +0000 UTC",
            "flavor_id": "3522106a-582a-43fe-b688-7dbdca91c6d9",
            "flavor_name": "m1.large",
            "floating_ip": null,
            "force_delete": false,
            "id": "4b3e464c-1579-4bbe-b237-490a55f89a97",
            "image_id": "043bb163-acb3-4a4c-a524-80c6c756c489",
            "image_name": "Rocky 9.3",
            "key_pair": "alacrity",
            "metadata": null,
            "name": "frontend-alacrity_frontend",
            "network": [
              {
                "access_network": false,
                "fixed_ip_v4": "192.168.199.248",
                "fixed_ip_v6": "",
                "floating_ip": "",
                "mac": "fa:16:3e:94:e1:61",
                "name": "default",
                "port": "",
                "uuid": "f6817e7c-2f08-43fa-acd6-90c1b14dc03b"
              }
            ],
            "network_mode": null,
            "personality": [],
            "power_state": "active",
            "region": "RegionOne",
            "scheduler_hints": [],
            "security_groups": [
              "Terraform-123456789"
            ],
            "stop_before_destroy": false,
            "tags": [],
            "timeouts": null,
            "updated": "2025-03-28 23:48:02 +0000 UTC",
            "user_data": "1a2067a2f9b6760d861ffff5107132e1aa47c543",
            "vendor_options": [],
            "volume": []
          },
          "sensitive_attributes": [
            [
              {
                "type": "get_attr",
                "value": "admin_pass"
              }
            ]
          ],
          "private": "eyJlMmJmYjczMC1lY2FhLTExZTYtOGY4OC0zNDM2M2JjN2M0YzAiOnsiY3JlYXRlIjoxODAwMDAwMDAwMDAwLCJkZWxldGUiOjE4MDAwMDAwMDAwMDAsInVwZGF0ZSI6MTgwMDAwMDAwMDAwMH19",
          "dependencies": [
            "openstack_compute_secgroup_v2.security_group"
          ]
        }
      ]
    },
    {
      "mode": "managed",
      "type": "openstack_compute_instance_v2",
      "name": "instance_2",
      "provider": "provider[\"registry.terraform.io/terraform-provider-openstack/openstack\"]",
      "instances": [
        {
          "schema_version": 0,
          "attributes": {
            "access_ip_v4": "192.168.199.84",
            "access_ip_v6": "",
            "admin_pass": null,
            "all_metadata": {},
            "all_tags": [],
            "availability_zone": "nova",
            "availability_zone_hints": null,
            "block_device": [],
            "config_drive": null,
            "created": "2025-03-29 01:19:57 +0000 UTC",
            "flavor_id": "3522106a-582a-43fe-b688-7dbdca91c6d9",
            "flavor_name": "m1.large",
            "floating_ip": null,
            "force_delete": false,
            "id": "3bcfa6fb-2dd9-4655-a59f-949683a24e60",
            "image_id": "043bb163-acb3-4a4c-a524-80c6c756c489",
            "image_name": "Rocky 9.3",
            "key_pair": "alacrity",
            "metadata": null,
            "name": "backend-alacrity_backend",
            "network": [
              {
                "access_network": false,
                "fixed_ip_v4": "192.168.199.84",
                "fixed_ip_v6": "",
                "floating_ip": "",
                "mac": "fa:16:3e:4e:06:1f",
                "name": "default",
                "port": "",
                "uuid": ""
              }
            ],
            "network_mode": null,
            "personality": [],
            "power_state": "active",
            "region": "RegionOne",
            "scheduler_hints": [],
            "security_groups": [
              "Terraform-123456789"
            ],
            "stop_before_destroy": false,
            "tags": null,
            "timeouts": null,
            "updated": "2025-03-29 01:20:08 +0000 UTC",
            "user_data": "c5ef866fe37a87c56e24a679903db6f92b38515f",
            "vendor_options": [],
            "volume": []
          },
          "sensitive_attributes": [
            [
              {
                "type": "get_attr",
                "value": "admin_pass"
              }
            ]
          ],
          "private": "eyJlMmJmYjczMC1lY2FhLTExZTYtOGY4OC0zNDM2M2JjN2M0YzAiOnsiY3JlYXRlIjoxODAwMDAwMDAwMDAwLCJkZWxldGUiOjE4MDAwMDAwMDAwMDAsInVwZGF0ZSI6MTgwMDAwMDAwMDAwMH19",
          "dependencies": [
            "openstack_compute_secgroup_v2.security_group"
          ]
        }
      ]
    },
    {
      "mode": "managed",
      "type": "openstack_compute_secgroup_v2",
      "name": "security_group",
      "provider": "provider[\"registry.terraform.io/terraform-provider-openstack/openstack\"]",
      "instances": [
        {
          "schema_version": 0,
          "attributes": {
            "description": "Terraform security group",
            "id": "7bd67dac-a639-480d-b490-64d61e8bd2f1",
            "name": "Terraform-123456789",
            "region": "RegionOne",
            "rule": [
              {
                "cidr": "0.0.0.0/0",
                "from_group_id": "",
                "from_port": 22,
                "id": "dbb051cd-6d98-4feb-9294-572563602837",
                "ip_protocol": "tcp",
                "self": false,
                "to_port": 22
              },
              {
                "cidr": "0.0.0.0/0",
                "from_group_id": "",
                "from_port": 8000,
                "id": "d20a9e64-b3e7-47af-af6b-5ae6b5a59154",
                "ip_protocol": "tcp",
                "self": false,
                "to_port": 8000
              },
              {
                "cidr": "0.0.0.0/0",
                "from_group_id": "",
                "from_port": 80,
                "id": "a085861c-bceb-4798-bad3-7220e2182d6d",
                "ip_protocol": "tcp",
                "self": false,
                "to_port": 80
              }
            ],
            "timeouts": null
          },
          "sensitive_attributes": [],
          "private": "eyJlMmJmYjczMC1lY2FhLTExZTYtOGY4OC0zNDM2M2JjN2M0YzAiOnsiZGVsZXRlIjo2MDAwMDAwMDAwMDB9fQ=="
        }
      ]
    },
    {
      "mode": "managed",
      "type": "openstack_networking_floatingip_v2",
      "name": "floating_ip_1",
      "provider": "provider[\"registry.terraform.io/terraform-provider-openstack/openstack\"]",
      "instances": [
        {
          "schema_version": 0,
          "attributes": {
            "address": "10.72.102.244",
            "all_tags": [],
            "description": "",
            "dns_domain": "",
            "dns_name": "",
            "fixed_ip": "192.168.199.248",
            "id": "ef932b73-c623-4bca-a633-cbfcee24131b",
            "pool": "cscloud_private_floating",
            "port_id": "fb1f58d9-1372-45bc-86ef-34176eb1d9d6",
            "region": "RegionOne",
            "subnet_id": null,
            "subnet_ids": null,
            "tags": [],
            "tenant_id": "2221b47055fd4adabc8b39dfd50ba90c",
            "timeouts": null,
            "value_specs": null
          },
          "sensitive_attributes": [],
          "private": "eyJlMmJmYjczMC1lY2FhLTExZTYtOGY4OC0zNDM2M2JjN2M0YzAiOnsiY3JlYXRlIjo2MDAwMDAwMDAwMDAsImRlbGV0ZSI6NjAwMDAwMDAwMDAwfX0="
        }
      ]
    },
    {
      "mode": "managed",
      "type": "openstack_networking_floatingip_v2",
      "name": "floating_ip_2",
      "provider": "provider[\"registry.terraform.io/terraform-provider-openstack/openstack\"]",
      "instances": [
        {
          "schema_version": 0,
          "attributes": {
            "address": "10.72.102.171",
            "all_tags": [],
            "description": "",
            "dns_domain": "",
            "dns_name": "",
            "fixed_ip": "192.168.199.62",
            "id": "05aef59f-fd65-48d3-ab26-1550ce50352c",
            "pool": "cscloud_private_floating",
            "port_id": "23e08c40-d374-4d64-8998-a7a129ca6b16",
            "region": "RegionOne",
            "subnet_id": null,
            "subnet_ids": null,
            "tags": [],
            "tenant_id": "2221b47055fd4adabc8b39dfd50ba90c",
            "timeouts": null,
            "value_specs": null
          },
          "sensitive_attributes": [],
          "private": "eyJlMmJmYjczMC1lY2FhLTExZTYtOGY4OC0zNDM2M2JjN2M0YzAiOnsiY3JlYXRlIjo2MDAwMDAwMDAwMDAsImRlbGV0ZSI6NjAwMDAwMDAwMDAwfX0="
        }
      ]
    }
  ],
  "check_results": null
}
